<?xml version="1.0" encoding="utf-8"?>
<Project ToolsVersion="4.0" xmlns="http://schemas.microsoft.com/developer/msbuild/2003">
  <ItemGroup>
    <ClCompile Include="..\..\src\engine\api.cpp" />
    <ClCompile Include="..\..\src\engine\Engine.cpp" />
    <ClCompile Include="..\..\src\engine\animation\Action.cpp">
      <Filter>animation</Filter>
    </ClCompile>
    <ClCompile Include="..\..\src\engine\animation\AnimationData.cpp">
      <Filter>animation</Filter>
    </ClCompile>
    <ClCompile Include="..\..\src\engine\animation\AnimationPlayer.cpp">
      <Filter>animation</Filter>
    </ClCompile>
    <ClCompile Include="..\..\src\engine\animation\FCurve.cpp">
      <Filter>animation</Filter>
    </ClCompile>
    <ClCompile Include="..\..\src\engine\animation\PropertyMapping.cpp">
      <Filter>animation</Filter>
    </ClCompile>
    <ClCompile Include="..\..\src\engine\resource\ResourceManager.cpp">
      <Filter>resource</Filter>
    </ClCompile>
    <ClCompile Include="..\..\src\engine\scene\Scene.cpp">
      <Filter>scene</Filter>
    </ClCompile>
    <ClCompile Include="..\..\src\engine\scene\SceneNode.cpp">
      <Filter>scene</Filter>
    </ClCompile>
    <ClCompile Include="..\..\src\engine\render\Camera.cpp">
      <Filter>render</Filter>
    </ClCompile>
    <ClCompile Include="..\..\src\engine\render\Device.cpp">
      <Filter>render</Filter>
    </ClCompile>
    <ClCompile Include="..\..\src\engine\render\Image.cpp">
      <Filter>render</Filter>
    </ClCompile>
    <ClCompile Include="..\..\src\engine\render\Light.cpp">
      <Filter>render</Filter>
    </ClCompile>
    <ClCompile Include="..\..\src\engine\render\Material.cpp">
      <Filter>render</Filter>
    </ClCompile>
    <ClCompile Include="..\..\src\engine\render\Mesh.cpp">
      <Filter>render</Filter>
    </ClCompile>
    <ClCompile Include="..\..\src\engine\render\MotionBlurRenderer.cpp">
      <Filter>render</Filter>
    </ClCompile>
    <ClCompile Include="..\..\src\engine\render\PostProcessor.cpp">
      <Filter>render</Filter>
    </ClCompile>
    <ClCompile Include="..\..\src\engine\render\Renderer.cpp">
      <Filter>render</Filter>
    </ClCompile>
    <ClCompile Include="..\..\src\engine\render\RenderList.cpp">
      <Filter>render</Filter>
    </ClCompile>
    <ClCompile Include="..\..\src\engine\render\RenderTarget.cpp">
      <Filter>render</Filter>
    </ClCompile>
    <ClCompile Include="..\..\src\engine\render\ShadowRenderer.cpp">
      <Filter>render</Filter>
    </ClCompile>
    <ClCompile Include="..\..\src\engine\render\Texture.cpp">
      <Filter>render</Filter>
    </ClCompile>
    <ClCompile Include="..\..\src\engine\render\graph\FrameGraph.cpp">
      <Filter>render\graph</Filter>
    </ClCompile>
    <ClCompile Include="..\..\src\engine\render\graph\Pass.cpp">
      <Filter>render\graph</Filter>
    </ClCompile>
    <ClCompile Include="..\..\src\engine\render\graph\GPUProfiler.cpp">
      <Filter>render\graph</Filter>
    </ClCompile>
    <ClCompile Include="..\..\src\engine\render\graph\Batch.cpp">
      <Filter>render\graph</Filter>
    </ClCompile>
    <ClCompile Include="..\..\src\engine\render\graph\Job.cpp">
      <Filter>render\graph</Filter>
    </ClCompile>
    <ClCompile Include="..\..\src\engine\render\BloomRenderer.cpp">
      <Filter>render</Filter>
    </ClCompile>
    <ClCompile Include="..\..\src\engine\render\Shaders.cpp">
      <Filter>render</Filter>
    </ClCompile>
    <ClCompile Include="..\..\src\engine\render\StandardBsdf.cpp">
      <Filter>render</Filter>
    </ClCompile>
    <ClCompile Include="..\..\src\engine\render\UnlitBsdf.cpp">
      <Filter>render</Filter>
    </ClCompile>
    <ClCompile Include="..\..\src\engine\scene\ParticleSettings.cpp">
      <Filter>scene</Filter>
    </ClCompile>
    <ClCompile Include="..\..\src\engine\scene\ParticleSystem.cpp">
      <Filter>scene</Filter>
    </ClCompile>
    <ClCompile Include="..\..\src\engine\Demo.cpp" />
    <ClCompile Include="..\..\external\cJSON\cJSON.c">
      <Filter>external\cJSON</Filter>
    </ClCompile>
    <ClCompile Include="..\..\external\DDSTextureLoader\DDSTextureLoader.cpp">
      <Filter>external\DDSTextureLoader</Filter>
    </ClCompile>
    <ClCompile Include="..\..\src\engine\render\ShaderCache.cpp">
      <Filter>render</Filter>
    </ClCompile>
    <ClCompile Include="..\..\external\smhasher\src\MurmurHash3.cpp">
      <Filter>external\smhasher</Filter>
    </ClCompile>
    <ClCompile Include="..\..\src\engine\render\ShaderVariant.cpp">
      <Filter>render</Filter>
    </ClCompile>
  </ItemGroup>
  <ItemGroup>
    <ClInclude Include="..\..\src\engine\api.h" />
    <ClInclude Include="..\..\src\engine\Engine.h" />
    <ClInclude Include="..\..\src\engine\render\shaders\shared.h">
      <Filter>render\shaders</Filter>
    </ClInclude>
    <ClInclude Include="..\..\src\engine\render\shaders\postprocess.h">
      <Filter>render\shaders</Filter>
    </ClInclude>
    <ClInclude Include="..\..\src\engine\render\shaders\standard.h">
      <Filter>render\shaders</Filter>
    </ClInclude>
    <ClInclude Include="..\..\src\engine\render\shaders\scene.h">
      <Filter>render\shaders</Filter>
    </ClInclude>
    <ClInclude Include="..\..\src\engine\render\shaders\tonemapping.h">
      <Filter>render\shaders</Filter>
    </ClInclude>
    <ClInclude Include="..\..\src\engine\render\shaders\gamma.h">
      <Filter>render\shaders</Filter>
    </ClInclude>
    <ClInclude Include="..\..\src\engine\render\shaders\depthonly.h">
      <Filter>render\shaders</Filter>
    </ClInclude>
    <ClInclude Include="..\..\src\engine\render\shaders\shadows.h">
      <Filter>render\shaders</Filter>
    </ClInclude>
    <ClInclude Include="..\..\src\engine\render\shaders\Fxaa3_11.h">
      <Filter>render\shaders</Filter>
    </ClInclude>
    <ClInclude Include="..\..\src\engine\animation\Action.h">
      <Filter>animation</Filter>
    </ClInclude>
    <ClInclude Include="..\..\src\engine\animation\AnimationData.h">
      <Filter>animation</Filter>
    </ClInclude>
    <ClInclude Include="..\..\src\engine\animation\AnimationPlayer.h">
      <Filter>animation</Filter>
    </ClInclude>
    <ClInclude Include="..\..\src\engine\animation\FCurve.h">
      <Filter>animation</Filter>
    </ClInclude>
    <ClInclude Include="..\..\src\engine\animation\PropertyMapping.h">
      <Filter>animation</Filter>
    </ClInclude>
    <ClInclude Include="..\..\src\engine\resource\Resource.h">
      <Filter>resource</Filter>
    </ClInclude>
    <ClInclude Include="..\..\src\engine\resource\ResourceManager.h">
      <Filter>resource</Filter>
    </ClInclude>
    <ClInclude Include="..\..\src\engine\resource\ResourceManager.inline.h">
      <Filter>resource</Filter>
    </ClInclude>
    <ClInclude Include="..\..\src\engine\scene\Scene.h">
      <Filter>scene</Filter>
    </ClInclude>
    <ClInclude Include="..\..\src\engine\scene\SceneNode.h">
      <Filter>scene</Filter>
    </ClInclude>
    <ClInclude Include="..\..\src\engine\render\Camera.h">
      <Filter>render</Filter>
    </ClInclude>
    <ClInclude Include="..\..\src\engine\render\Device.h">
      <Filter>render</Filter>
    </ClInclude>
    <ClInclude Include="..\..\src\engine\render\Image.h">
      <Filter>render</Filter>
    </ClInclude>
    <ClInclude Include="..\..\src\engine\render\Light.h">
      <Filter>render</Filter>
    </ClInclude>
    <ClInclude Include="..\..\src\engine\render\Material.h">
      <Filter>render</Filter>
    </ClInclude>
    <ClInclude Include="..\..\src\engine\render\Mesh.h">
      <Filter>render</Filter>
    </ClInclude>
    <ClInclude Include="..\..\src\engine\render\MotionBlurRenderer.h">
      <Filter>render</Filter>
    </ClInclude>
    <ClInclude Include="..\..\src\engine\render\PostProcessor.h">
      <Filter>render</Filter>
    </ClInclude>
    <ClInclude Include="..\..\src\engine\render\Renderer.h">
      <Filter>render</Filter>
    </ClInclude>
    <ClInclude Include="..\..\src\engine\render\RenderList.h">
      <Filter>render</Filter>
    </ClInclude>
    <ClInclude Include="..\..\src\engine\render\RenderTarget.h">
      <Filter>render</Filter>
    </ClInclude>
    <ClInclude Include="..\..\src\engine\render\ShadowRenderer.h">
      <Filter>render</Filter>
    </ClInclude>
    <ClInclude Include="..\..\src\engine\render\Texture.h">
      <Filter>render</Filter>
    </ClInclude>
    <ClInclude Include="..\..\src\engine\render\graph\FrameGraph.h">
      <Filter>render\graph</Filter>
    </ClInclude>
    <ClInclude Include="..\..\src\engine\render\graph\Pass.h">
      <Filter>render\graph</Filter>
    </ClInclude>
    <ClInclude Include="..\..\src\engine\render\graph\GPUProfiler.h">
      <Filter>render\graph</Filter>
    </ClInclude>
    <ClInclude Include="..\..\src\engine\render\shaders\constants\ShaderTypes.h">
      <Filter>render\shaders\constants</Filter>
    </ClInclude>
    <ClInclude Include="..\..\src\engine\render\shaders\constants\SceneConstants.h">
      <Filter>render\shaders\constants</Filter>
    </ClInclude>
    <ClInclude Include="..\..\src\engine\render\shaders\constants\PassConstants.h">
      <Filter>render\shaders\constants</Filter>
    </ClInclude>
    <ClInclude Include="..\..\src\engine\render\shaders\pass.h">
      <Filter>render\shaders</Filter>
    </ClInclude>
    <ClInclude Include="..\..\src\engine\render\graph\Batch.h">
      <Filter>render\graph</Filter>
    </ClInclude>
    <ClInclude Include="..\..\src\engine\render\shaders\constants\StandardConstants.h">
      <Filter>render\shaders\constants</Filter>
    </ClInclude>
    <ClInclude Include="..\..\src\engine\render\graph\Job.h">
      <Filter>render\graph</Filter>
    </ClInclude>
    <ClInclude Include="..\..\src\engine\render\RenderSettings.h">
      <Filter>render</Filter>
    </ClInclude>
    <ClInclude Include="..\..\src\engine\render\BloomRenderer.h">
      <Filter>render</Filter>
    </ClInclude>
    <ClInclude Include="..\..\src\engine\render\shaders\constants\BloomConstants.h">
      <Filter>render\shaders\constants</Filter>
    </ClInclude>
    <ClInclude Include="..\..\src\engine\render\shaders\bloom.h">
      <Filter>render\shaders</Filter>
    </ClInclude>
    <ClInclude Include="..\..\src\engine\resource\ResourceWatcher.h">
      <Filter>resource</Filter>
    </ClInclude>
    <ClInclude Include="..\..\src\engine\render\shaders\equirectangular.h">
      <Filter>render\shaders</Filter>
    </ClInclude>
    <ClInclude Include="..\..\src\engine\render\Shaders.h">
      <Filter>render</Filter>
    </ClInclude>
    <ClInclude Include="..\..\src\engine\render\shaders\unlit.h">
      <Filter>render\shaders</Filter>
    </ClInclude>
    <ClInclude Include="..\..\src\engine\render\shaders\constants\UnlitConstants.h">
      <Filter>render\shaders\constants</Filter>
    </ClInclude>
    <ClInclude Include="..\..\src\engine\render\Bsdf.h">
      <Filter>render</Filter>
    </ClInclude>
    <ClInclude Include="..\..\src\engine\render\StandardBsdf.h">
      <Filter>render</Filter>
    </ClInclude>
    <ClInclude Include="..\..\src\engine\render\UnlitBsdf.h">
      <Filter>render</Filter>
    </ClInclude>
    <ClInclude Include="..\..\src\engine\scene\ParticleSettings.h">
      <Filter>scene</Filter>
    </ClInclude>
    <ClInclude Include="..\..\src\engine\scene\ParticleSystem.h">
      <Filter>scene</Filter>
    </ClInclude>
    <ClInclude Include="..\..\src\engine\Demo.h" />
    <ClInclude Include="..\..\src\engine\render\shaders\constants\PostProcessConstants.h">
      <Filter>render\shaders\constants</Filter>
    </ClInclude>
    <ClInclude Include="..\..\external\cJSON\cJSON.h">
      <Filter>external\cJSON</Filter>
    </ClInclude>
    <ClInclude Include="..\..\external\DDSTextureLoader\DDSTextureLoader.h">
      <Filter>external\DDSTextureLoader</Filter>
    </ClInclude>
    <ClInclude Include="..\..\external\RenderDoc\renderdoc_app.h">
      <Filter>external\RenderDoc</Filter>
    </ClInclude>
    <ClInclude Include="..\..\src\engine\render\ShaderCache.h">
      <Filter>render</Filter>
    </ClInclude>
    <ClInclude Include="..\..\external\smhasher\src\MurmurHash3.h">
      <Filter>external\smhasher</Filter>
    </ClInclude>
    <ClInclude Include="..\..\src\engine\render\ShaderVariant.h">
      <Filter>render</Filter>
    </ClInclude>
  </ItemGroup>
  <ItemGroup>
    <FxCompile Include="..\..\src\engine\render\shaders\plop.vs.hlsl">
      <Filter>render\shaders</Filter>
    </FxCompile>
    <FxCompile Include="..\..\src\engine\render\shaders\plop.ps.hlsl">
      <Filter>render\shaders</Filter>
    </FxCompile>
    <FxCompile Include="..\..\src\engine\render\shaders\basic.ps.hlsl">
      <Filter>render\shaders</Filter>
    </FxCompile>
    <FxCompile Include="..\..\src\engine\render\shaders\basic.vs.hlsl">
      <Filter>render\shaders</Filter>
    </FxCompile>
    <FxCompile Include="..\..\src\engine\render\shaders\background.ps.hlsl">
      <Filter>render\shaders</Filter>
    </FxCompile>
    <FxCompile Include="..\..\src\engine\render\shaders\background.vs.hlsl">
      <Filter>render\shaders</Filter>
    </FxCompile>
    <FxCompile Include="..\..\src\engine\render\shaders\postprocess.ps.hlsl">
      <Filter>render\shaders</Filter>
    </FxCompile>
    <FxCompile Include="..\..\src\engine\render\shaders\postprocess.vs.hlsl">
      <Filter>render\shaders</Filter>
    </FxCompile>
    <FxCompile Include="..\..\src\engine\render\shaders\standard.ps.hlsl">
      <Filter>render\shaders</Filter>
    </FxCompile>
    <FxCompile Include="..\..\src\engine\render\shaders\standard.vs.hlsl">
      <Filter>render\shaders</Filter>
    </FxCompile>
    <FxCompile Include="..\..\src\engine\render\shaders\depthonly.ps.hlsl">
      <Filter>render\shaders</Filter>
    </FxCompile>
    <FxCompile Include="..\..\src\engine\render\shaders\depthonly.vs.hlsl">
      <Filter>render\shaders</Filter>
    </FxCompile>
    <FxCompile Include="..\..\src\engine\render\shaders\fxaa.ps.hlsl">
      <Filter>render\shaders</Filter>
    </FxCompile>
    <FxCompile Include="..\..\src\engine\render\shaders\fxaa.vs.hlsl">
      <Filter>render\shaders</Filter>
    </FxCompile>
    <FxCompile Include="..\..\src\engine\render\shaders\motionblur.ps.hlsl">
      <Filter>render\shaders</Filter>
    </FxCompile>
    <FxCompile Include="..\..\src\engine\render\shaders\tilemax.cs.hlsl">
      <Filter>render\shaders</Filter>
    </FxCompile>
    <FxCompile Include="..\..\src\engine\render\shaders\motionblur.vs.hlsl">
      <Filter>render\shaders</Filter>
    </FxCompile>
    <FxCompile Include="..\..\src\engine\render\shaders\neighbormax.hlsl">
      <Filter>render\shaders</Filter>
    </FxCompile>
    <FxCompile Include="..\..\src\engine\render\shaders\bloom.vs.hlsl">
      <Filter>render\shaders</Filter>
    </FxCompile>
    <FxCompile Include="..\..\src\engine\render\shaders\bloomthreshold.ps.hlsl">
      <Filter>render\shaders</Filter>
    </FxCompile>
    <FxCompile Include="..\..\src\engine\render\shaders\bloomdownsample.ps.hlsl">
      <Filter>render\shaders</Filter>
    </FxCompile>
    <FxCompile Include="..\..\src\engine\render\shaders\bloomaccumulation.hlsl">
      <Filter>render\shaders</Filter>
    </FxCompile>
    <FxCompile Include="..\..\src\engine\render\shaders\gaussianblurh.ps.hlsl">
      <Filter>render\shaders</Filter>
    </FxCompile>
    <FxCompile Include="..\..\src\engine\render\shaders\gaussianblur.vs.hlsl">
      <Filter>render\shaders</Filter>
    </FxCompile>
    <FxCompile Include="..\..\src\engine\render\shaders\gaussianblurv.hlsl">
      <Filter>render\shaders</Filter>
    </FxCompile>
    <FxCompile Include="..\..\src\engine\render\shaders\bloomdebug.ps.hlsl">
      <Filter>render\shaders</Filter>
    </FxCompile>
    <FxCompile Include="..\..\src\engine\render\shaders\unlit.ps.hlsl">
      <Filter>render\shaders</Filter>
    </FxCompile>
    <FxCompile Include="..\..\src\engine\render\shaders\unlit.vs.hlsl">
      <Filter>render\shaders</Filter>
    </FxCompile>
    <FxCompile Include="..\..\src\engine\render\shaders\generateibl.cs.hlsl">
      <Filter>render\shaders</Filter>
    </FxCompile>
  </ItemGroup>
  <ItemGroup>
    <Filter Include="blender-addon">
      <UniqueIdentifier>{841e16fa-304c-4e34-a9fe-7435ea03131c}</UniqueIdentifier>
    </Filter>
    <Filter Include="render">
      <UniqueIdentifier>{72bc7154-f70f-45d7-99f3-3f6d70621c1f}</UniqueIdentifier>
    </Filter>
    <Filter Include="animation">
      <UniqueIdentifier>{dc62a2f9-ed5e-4809-b0be-924748be178a}</UniqueIdentifier>
    </Filter>
    <Filter Include="scene">
      <UniqueIdentifier>{3e92bb58-06aa-46ba-84e5-8e3b0ff6d028}</UniqueIdentifier>
    </Filter>
    <Filter Include="resource">
      <UniqueIdentifier>{41e80b41-e701-463c-aaa1-0395237703f1}</UniqueIdentifier>
    </Filter>
    <Filter Include="render\graph">
      <UniqueIdentifier>{db13e090-122a-4dce-8674-106afaf29344}</UniqueIdentifier>
    </Filter>
    <Filter Include="render\shaders">
      <UniqueIdentifier>{03d0b7eb-fedd-41ff-97c7-c5fdb14a8527}</UniqueIdentifier>
    </Filter>
    <Filter Include="render\shaders\constants">
      <UniqueIdentifier>{732e4431-2c83-4b86-90d6-e5b78b4b7c34}</UniqueIdentifier>
    </Filter>
    <Filter Include="external">
      <UniqueIdentifier>{f11413b1-3187-4961-8d02-a49f289f7edd}</UniqueIdentifier>
    </Filter>
    <Filter Include="external\cJSON">
      <UniqueIdentifier>{db523197-21b4-4724-8ffc-b222b28e8814}</UniqueIdentifier>
    </Filter>
    <Filter Include="external\RenderDoc">
      <UniqueIdentifier>{629b52f0-677f-483a-8d99-1861f151dee1}</UniqueIdentifier>
    </Filter>
    <Filter Include="external\DDSTextureLoader">
      <UniqueIdentifier>{e513681b-5414-4202-a5d4-24fc46eff4fc}</UniqueIdentifier>
    </Filter>
    <Filter Include="external\smhasher">
      <UniqueIdentifier>{dd30f513-b5b7-4c18-90ca-1ae738a5faf3}</UniqueIdentifier>
    </Filter>
  </ItemGroup>
  <ItemGroup>
    <None Include="..\..\src\blender-addon\leaf\__init__.py">
      <Filter>blender-addon</Filter>
    </None>
    <None Include="..\..\src\blender-addon\leaf\material.py">
      <Filter>blender-addon</Filter>
    </None>
    <None Include="..\..\src\blender-addon\leaf\render.py">
      <Filter>blender-addon</Filter>
    </None>
    <None Include="..\..\src\blender-addon\leaf\export.py">
      <Filter>blender-addon</Filter>
    </None>
    <None Include="..\..\src\blender-addon\leaf\texture.py">
      <Filter>blender-addon</Filter>
    </None>
    <None Include="..\..\src\blender-addon\leaf\preferences.py">
      <Filter>blender-addon</Filter>
    </None>
    <None Include="..\..\src\blender-addon\leaf\image.py">
      <Filter>blender-addon</Filter>
    </None>
    <None Include="..\..\src\blender-addon\leaf\cooking.py">
      <Filter>blender-addon</Filter>
    </None>
    <None Include="..\..\src\blender-addon\leaf\light.py">
      <Filter>blender-addon</Filter>
    </None>
    <None Include="..\..\src\blender-addon\leaf\camera.py">
      <Filter>blender-addon</Filter>
    </None>
    <None Include="..\..\src\engine\render\shaders\postprocess.slang">
      <Filter>render\shaders</Filter>
    </None>
    <None Include="..\..\src\engine\render\shaders\forward.slang">
      <Filter>render\shaders</Filter>
    </None>
    <None Include="..\..\src\engine\render\shaders\nodes.slang">
      <Filter>render\shaders</Filter>
    </None>
  </ItemGroup>
</Project>