<?xml version="1.0" encoding="utf-8"?>
<Project ToolsVersion="4.0" xmlns="http://schemas.microsoft.com/developer/msbuild/2003">
  <ItemGroup>
    <ClCompile Include="..\..\src\engine\Renderer.cpp" />
    <ClCompile Include="..\..\src\engine\api.cpp" />
    <ClCompile Include="..\..\src\engine\Engine.cpp" />
    <ClCompile Include="..\..\src\engine\Mesh.cpp" />
    <ClCompile Include="..\..\src\engine\Device.cpp" />
    <ClCompile Include="..\..\src\engine\ResourceManager.cpp" />
    <ClCompile Include="..\..\src\engine\Material.cpp" />
    <ClCompile Include="..\..\src\engine\cJSON\cJSON.c">
      <Filter>cJSON</Filter>
    </ClCompile>
    <ClCompile Include="..\..\src\engine\Scene.cpp" />
    <ClCompile Include="..\..\src\engine\RenderList.cpp" />
    <ClCompile Include="..\..\src\engine\Texture.cpp" />
    <ClCompile Include="..\..\src\engine\Image.cpp" />
    <ClCompile Include="..\..\src\engine\Action.cpp" />
    <ClCompile Include="..\..\src\engine\AnimationData.cpp" />
    <ClCompile Include="..\..\src\engine\AnimationPlayer.cpp" />
    <ClCompile Include="..\..\src\engine\PropertyMapping.cpp" />
    <ClCompile Include="..\..\src\engine\FCurve.cpp" />
    <ClCompile Include="..\..\src\engine\Camera.cpp" />
    <ClCompile Include="..\..\src\engine\Light.cpp" />
    <ClCompile Include="..\..\src\engine\SceneNode.cpp" />
    <ClCompile Include="..\..\src\engine\GPUProfiler.cpp" />
    <ClCompile Include="..\..\src\engine\DDSTextureLoader\DDSTextureLoader.cpp">
      <Filter>DDSTextureLoader</Filter>
    </ClCompile>
    <ClCompile Include="..\..\src\engine\RenderTarget.cpp" />
    <ClCompile Include="..\..\src\engine\PostProcessor.cpp" />
  </ItemGroup>
  <ItemGroup>
    <ClInclude Include="..\..\src\engine\Renderer.h" />
    <ClInclude Include="..\..\src\engine\api.h" />
    <ClInclude Include="..\..\src\engine\Engine.h" />
    <ClInclude Include="..\..\src\engine\shaders\shared.h">
      <Filter>shaders</Filter>
    </ClInclude>
    <ClInclude Include="..\..\src\engine\Resource.h" />
    <ClInclude Include="..\..\src\engine\ResourceManager.h" />
    <ClInclude Include="..\..\src\engine\Device.h" />
    <ClInclude Include="..\..\src\engine\Mesh.h" />
    <ClInclude Include="..\..\src\engine\Material.h" />
    <ClInclude Include="..\..\src\engine\ResourceManager.inline.h" />
    <ClInclude Include="..\..\src\engine\cJSON\cJSON.h">
      <Filter>cJSON</Filter>
    </ClInclude>
    <ClInclude Include="..\..\src\engine\Scene.h" />
    <ClInclude Include="..\..\src\engine\RenderList.h" />
    <ClInclude Include="..\..\src\engine\Texture.h" />
    <ClInclude Include="..\..\src\engine\Image.h" />
    <ClInclude Include="..\..\src\engine\Action.h" />
    <ClInclude Include="..\..\src\engine\AnimationData.h" />
    <ClInclude Include="..\..\src\engine\AnimationPlayer.h" />
    <ClInclude Include="..\..\src\engine\PropertyMapping.h" />
    <ClInclude Include="..\..\src\engine\FCurve.h" />
    <ClInclude Include="..\..\src\engine\Camera.h" />
    <ClInclude Include="..\..\src\engine\SceneNode.h" />
    <ClInclude Include="..\..\src\engine\Light.h" />
    <ClInclude Include="..\..\src\engine\GPUProfiler.h" />
    <ClInclude Include="..\..\src\engine\DDSTextureLoader\DDSTextureLoader.h">
      <Filter>DDSTextureLoader</Filter>
    </ClInclude>
    <ClInclude Include="..\..\src\engine\RenderTarget.h" />
    <ClInclude Include="..\..\src\engine\PostProcessor.h" />
    <ClInclude Include="..\..\src\engine\shaders\postprocess.h">
      <Filter>shaders</Filter>
    </ClInclude>
  </ItemGroup>
  <ItemGroup>
    <FxCompile Include="..\..\src\engine\shaders\plop.vs.hlsl">
      <Filter>shaders</Filter>
    </FxCompile>
    <FxCompile Include="..\..\src\engine\shaders\plop.ps.hlsl">
      <Filter>shaders</Filter>
    </FxCompile>
    <FxCompile Include="..\..\src\engine\shaders\basic.ps.hlsl">
      <Filter>shaders</Filter>
    </FxCompile>
    <FxCompile Include="..\..\src\engine\shaders\basic.vs.hlsl">
      <Filter>shaders</Filter>
    </FxCompile>
    <FxCompile Include="..\..\src\engine\shaders\background.ps.hlsl">
      <Filter>shaders</Filter>
    </FxCompile>
    <FxCompile Include="..\..\src\engine\shaders\background.vs.hlsl">
      <Filter>shaders</Filter>
    </FxCompile>
    <FxCompile Include="..\..\src\engine\shaders\gbuffer.ps.hlsl">
      <Filter>shaders</Filter>
    </FxCompile>
    <FxCompile Include="..\..\src\engine\shaders\gbuffer.vs.hlsl">
      <Filter>shaders</Filter>
    </FxCompile>
    <FxCompile Include="..\..\src\engine\shaders\postprocess.ps.hlsl">
      <Filter>shaders</Filter>
    </FxCompile>
    <FxCompile Include="..\..\src\engine\shaders\postprocess.vs.hlsl">
      <Filter>shaders</Filter>
    </FxCompile>
  </ItemGroup>
  <ItemGroup>
    <Filter Include="shaders">
      <UniqueIdentifier>{03d0b7eb-fedd-41ff-97c7-c5fdb14a8527}</UniqueIdentifier>
    </Filter>
    <Filter Include="blender-addon">
      <UniqueIdentifier>{841e16fa-304c-4e34-a9fe-7435ea03131c}</UniqueIdentifier>
    </Filter>
    <Filter Include="cJSON">
      <UniqueIdentifier>{475ef57d-2dad-44f9-a439-6ba115a64e87}</UniqueIdentifier>
    </Filter>
    <Filter Include="DDSTextureLoader">
      <UniqueIdentifier>{e513681b-5414-4202-a5d4-24fc46eff4fc}</UniqueIdentifier>
    </Filter>
  </ItemGroup>
  <ItemGroup>
    <None Include="..\..\src\blender-addon\leaf\__init__.py">
      <Filter>blender-addon</Filter>
    </None>
    <None Include="..\..\src\blender-addon\leaf\material.py">
      <Filter>blender-addon</Filter>
    </None>
    <None Include="..\..\src\blender-addon\leaf\render.py">
      <Filter>blender-addon</Filter>
    </None>
    <None Include="..\..\src\blender-addon\leaf\export.py">
      <Filter>blender-addon</Filter>
    </None>
    <None Include="..\..\src\blender-addon\leaf\texture.py">
      <Filter>blender-addon</Filter>
    </None>
    <None Include="..\..\src\blender-addon\leaf\preferences.py">
      <Filter>blender-addon</Filter>
    </None>
  </ItemGroup>
</Project>