<?xml version="1.0" encoding="utf-8"?>
<Project ToolsVersion="4.0" xmlns="http://schemas.microsoft.com/developer/msbuild/2003">
  <ItemGroup>
    <ClCompile Include="..\..\src\engine\api.cpp" />
    <ClCompile Include="..\..\src\engine\Engine.cpp" />
    <ClCompile Include="..\..\src\engine\cJSON\cJSON.c">
      <Filter>cJSON</Filter>
    </ClCompile>
    <ClCompile Include="..\..\src\engine\DDSTextureLoader\DDSTextureLoader.cpp">
      <Filter>DDSTextureLoader</Filter>
    </ClCompile>
    <ClCompile Include="..\..\src\engine\animation\Action.cpp">
      <Filter>animation</Filter>
    </ClCompile>
    <ClCompile Include="..\..\src\engine\animation\AnimationData.cpp">
      <Filter>animation</Filter>
    </ClCompile>
    <ClCompile Include="..\..\src\engine\animation\AnimationPlayer.cpp">
      <Filter>animation</Filter>
    </ClCompile>
    <ClCompile Include="..\..\src\engine\animation\FCurve.cpp">
      <Filter>animation</Filter>
    </ClCompile>
    <ClCompile Include="..\..\src\engine\animation\PropertyMapping.cpp">
      <Filter>animation</Filter>
    </ClCompile>
    <ClCompile Include="..\..\src\engine\resource\ResourceManager.cpp">
      <Filter>resource</Filter>
    </ClCompile>
    <ClCompile Include="..\..\src\engine\scene\Scene.cpp">
      <Filter>scene</Filter>
    </ClCompile>
    <ClCompile Include="..\..\src\engine\scene\SceneNode.cpp">
      <Filter>scene</Filter>
    </ClCompile>
    <ClCompile Include="..\..\src\engine\render\Camera.cpp">
      <Filter>render</Filter>
    </ClCompile>
    <ClCompile Include="..\..\src\engine\render\Device.cpp">
      <Filter>render</Filter>
    </ClCompile>
    <ClCompile Include="..\..\src\engine\render\GPUProfiler.cpp">
      <Filter>render</Filter>
    </ClCompile>
    <ClCompile Include="..\..\src\engine\render\Image.cpp">
      <Filter>render</Filter>
    </ClCompile>
    <ClCompile Include="..\..\src\engine\render\Light.cpp">
      <Filter>render</Filter>
    </ClCompile>
    <ClCompile Include="..\..\src\engine\render\Material.cpp">
      <Filter>render</Filter>
    </ClCompile>
    <ClCompile Include="..\..\src\engine\render\Mesh.cpp">
      <Filter>render</Filter>
    </ClCompile>
    <ClCompile Include="..\..\src\engine\render\MotionBlurRenderer.cpp">
      <Filter>render</Filter>
    </ClCompile>
    <ClCompile Include="..\..\src\engine\render\PostProcessor.cpp">
      <Filter>render</Filter>
    </ClCompile>
    <ClCompile Include="..\..\src\engine\render\Renderer.cpp">
      <Filter>render</Filter>
    </ClCompile>
    <ClCompile Include="..\..\src\engine\render\RenderList.cpp">
      <Filter>render</Filter>
    </ClCompile>
    <ClCompile Include="..\..\src\engine\render\RenderTarget.cpp">
      <Filter>render</Filter>
    </ClCompile>
    <ClCompile Include="..\..\src\engine\render\ShadowRenderer.cpp">
      <Filter>render</Filter>
    </ClCompile>
    <ClCompile Include="..\..\src\engine\render\Texture.cpp">
      <Filter>render</Filter>
    </ClCompile>
  </ItemGroup>
  <ItemGroup>
    <ClInclude Include="..\..\src\engine\api.h" />
    <ClInclude Include="..\..\src\engine\Engine.h" />
    <ClInclude Include="..\..\src\engine\shaders\shared.h">
      <Filter>shaders</Filter>
    </ClInclude>
    <ClInclude Include="..\..\src\engine\cJSON\cJSON.h">
      <Filter>cJSON</Filter>
    </ClInclude>
    <ClInclude Include="..\..\src\engine\DDSTextureLoader\DDSTextureLoader.h">
      <Filter>DDSTextureLoader</Filter>
    </ClInclude>
    <ClInclude Include="..\..\src\engine\shaders\postprocess.h">
      <Filter>shaders</Filter>
    </ClInclude>
    <ClInclude Include="..\..\src\engine\shaders\standard.h">
      <Filter>shaders</Filter>
    </ClInclude>
    <ClInclude Include="..\..\src\engine\shaders\scene.h">
      <Filter>shaders</Filter>
    </ClInclude>
    <ClInclude Include="..\..\src\engine\shaders\instance.h">
      <Filter>shaders</Filter>
    </ClInclude>
    <ClInclude Include="..\..\src\engine\shaders\tonemapping.h">
      <Filter>shaders</Filter>
    </ClInclude>
    <ClInclude Include="..\..\src\engine\shaders\gamma.h">
      <Filter>shaders</Filter>
    </ClInclude>
    <ClInclude Include="..\..\src\engine\shaders\depthonly.h">
      <Filter>shaders</Filter>
    </ClInclude>
    <ClInclude Include="..\..\src\engine\shaders\shadows.h">
      <Filter>shaders</Filter>
    </ClInclude>
    <ClInclude Include="..\..\src\engine\shaders\Fxaa3_11.h">
      <Filter>shaders</Filter>
    </ClInclude>
    <ClInclude Include="..\..\src\engine\animation\Action.h">
      <Filter>animation</Filter>
    </ClInclude>
    <ClInclude Include="..\..\src\engine\animation\AnimationData.h">
      <Filter>animation</Filter>
    </ClInclude>
    <ClInclude Include="..\..\src\engine\animation\AnimationPlayer.h">
      <Filter>animation</Filter>
    </ClInclude>
    <ClInclude Include="..\..\src\engine\animation\FCurve.h">
      <Filter>animation</Filter>
    </ClInclude>
    <ClInclude Include="..\..\src\engine\animation\PropertyMapping.h">
      <Filter>animation</Filter>
    </ClInclude>
    <ClInclude Include="..\..\src\engine\resource\Resource.h">
      <Filter>resource</Filter>
    </ClInclude>
    <ClInclude Include="..\..\src\engine\resource\ResourceManager.h">
      <Filter>resource</Filter>
    </ClInclude>
    <ClInclude Include="..\..\src\engine\resource\ResourceManager.inline.h">
      <Filter>resource</Filter>
    </ClInclude>
    <ClInclude Include="..\..\src\engine\scene\Scene.h">
      <Filter>scene</Filter>
    </ClInclude>
    <ClInclude Include="..\..\src\engine\scene\SceneNode.h">
      <Filter>scene</Filter>
    </ClInclude>
    <ClInclude Include="..\..\src\engine\render\Camera.h">
      <Filter>render</Filter>
    </ClInclude>
    <ClInclude Include="..\..\src\engine\render\Device.h">
      <Filter>render</Filter>
    </ClInclude>
    <ClInclude Include="..\..\src\engine\render\GPUProfiler.h">
      <Filter>render</Filter>
    </ClInclude>
    <ClInclude Include="..\..\src\engine\render\Image.h">
      <Filter>render</Filter>
    </ClInclude>
    <ClInclude Include="..\..\src\engine\render\Light.h">
      <Filter>render</Filter>
    </ClInclude>
    <ClInclude Include="..\..\src\engine\render\Material.h">
      <Filter>render</Filter>
    </ClInclude>
    <ClInclude Include="..\..\src\engine\render\Mesh.h">
      <Filter>render</Filter>
    </ClInclude>
    <ClInclude Include="..\..\src\engine\render\MotionBlurRenderer.h">
      <Filter>render</Filter>
    </ClInclude>
    <ClInclude Include="..\..\src\engine\render\PostProcessor.h">
      <Filter>render</Filter>
    </ClInclude>
    <ClInclude Include="..\..\src\engine\render\Renderer.h">
      <Filter>render</Filter>
    </ClInclude>
    <ClInclude Include="..\..\src\engine\render\RenderList.h">
      <Filter>render</Filter>
    </ClInclude>
    <ClInclude Include="..\..\src\engine\render\RenderTarget.h">
      <Filter>render</Filter>
    </ClInclude>
    <ClInclude Include="..\..\src\engine\render\ShadowRenderer.h">
      <Filter>render</Filter>
    </ClInclude>
    <ClInclude Include="..\..\src\engine\render\Texture.h">
      <Filter>render</Filter>
    </ClInclude>
  </ItemGroup>
  <ItemGroup>
    <FxCompile Include="..\..\src\engine\shaders\plop.vs.hlsl">
      <Filter>shaders</Filter>
    </FxCompile>
    <FxCompile Include="..\..\src\engine\shaders\plop.ps.hlsl">
      <Filter>shaders</Filter>
    </FxCompile>
    <FxCompile Include="..\..\src\engine\shaders\basic.ps.hlsl">
      <Filter>shaders</Filter>
    </FxCompile>
    <FxCompile Include="..\..\src\engine\shaders\basic.vs.hlsl">
      <Filter>shaders</Filter>
    </FxCompile>
    <FxCompile Include="..\..\src\engine\shaders\background.ps.hlsl">
      <Filter>shaders</Filter>
    </FxCompile>
    <FxCompile Include="..\..\src\engine\shaders\background.vs.hlsl">
      <Filter>shaders</Filter>
    </FxCompile>
    <FxCompile Include="..\..\src\engine\shaders\gbuffer.ps.hlsl">
      <Filter>shaders</Filter>
    </FxCompile>
    <FxCompile Include="..\..\src\engine\shaders\gbuffer.vs.hlsl">
      <Filter>shaders</Filter>
    </FxCompile>
    <FxCompile Include="..\..\src\engine\shaders\postprocess.ps.hlsl">
      <Filter>shaders</Filter>
    </FxCompile>
    <FxCompile Include="..\..\src\engine\shaders\postprocess.vs.hlsl">
      <Filter>shaders</Filter>
    </FxCompile>
    <FxCompile Include="..\..\src\engine\shaders\standard.ps.hlsl">
      <Filter>shaders</Filter>
    </FxCompile>
    <FxCompile Include="..\..\src\engine\shaders\standard.vs.hlsl">
      <Filter>shaders</Filter>
    </FxCompile>
    <FxCompile Include="..\..\src\engine\shaders\depthonly.ps.hlsl">
      <Filter>shaders</Filter>
    </FxCompile>
    <FxCompile Include="..\..\src\engine\shaders\depthonly.vs.hlsl">
      <Filter>shaders</Filter>
    </FxCompile>
    <FxCompile Include="..\..\src\engine\shaders\fxaa.ps.hlsl">
      <Filter>shaders</Filter>
    </FxCompile>
    <FxCompile Include="..\..\src\engine\shaders\fxaa.vs.hlsl">
      <Filter>shaders</Filter>
    </FxCompile>
    <FxCompile Include="..\..\src\engine\shaders\motionblur.ps.hlsl">
      <Filter>shaders</Filter>
    </FxCompile>
    <FxCompile Include="..\..\src\engine\shaders\tilemax.cs.hlsl">
      <Filter>shaders</Filter>
    </FxCompile>
  </ItemGroup>
  <ItemGroup>
    <Filter Include="shaders">
      <UniqueIdentifier>{03d0b7eb-fedd-41ff-97c7-c5fdb14a8527}</UniqueIdentifier>
    </Filter>
    <Filter Include="blender-addon">
      <UniqueIdentifier>{841e16fa-304c-4e34-a9fe-7435ea03131c}</UniqueIdentifier>
    </Filter>
    <Filter Include="cJSON">
      <UniqueIdentifier>{475ef57d-2dad-44f9-a439-6ba115a64e87}</UniqueIdentifier>
    </Filter>
    <Filter Include="DDSTextureLoader">
      <UniqueIdentifier>{e513681b-5414-4202-a5d4-24fc46eff4fc}</UniqueIdentifier>
    </Filter>
    <Filter Include="render">
      <UniqueIdentifier>{72bc7154-f70f-45d7-99f3-3f6d70621c1f}</UniqueIdentifier>
    </Filter>
    <Filter Include="animation">
      <UniqueIdentifier>{dc62a2f9-ed5e-4809-b0be-924748be178a}</UniqueIdentifier>
    </Filter>
    <Filter Include="scene">
      <UniqueIdentifier>{3e92bb58-06aa-46ba-84e5-8e3b0ff6d028}</UniqueIdentifier>
    </Filter>
    <Filter Include="resource">
      <UniqueIdentifier>{41e80b41-e701-463c-aaa1-0395237703f1}</UniqueIdentifier>
    </Filter>
  </ItemGroup>
  <ItemGroup>
    <None Include="..\..\src\blender-addon\leaf\__init__.py">
      <Filter>blender-addon</Filter>
    </None>
    <None Include="..\..\src\blender-addon\leaf\material.py">
      <Filter>blender-addon</Filter>
    </None>
    <None Include="..\..\src\blender-addon\leaf\render.py">
      <Filter>blender-addon</Filter>
    </None>
    <None Include="..\..\src\blender-addon\leaf\export.py">
      <Filter>blender-addon</Filter>
    </None>
    <None Include="..\..\src\blender-addon\leaf\texture.py">
      <Filter>blender-addon</Filter>
    </None>
    <None Include="..\..\src\blender-addon\leaf\preferences.py">
      <Filter>blender-addon</Filter>
    </None>
    <None Include="..\..\src\blender-addon\leaf\image.py">
      <Filter>blender-addon</Filter>
    </None>
    <None Include="..\..\src\blender-addon\leaf\cooking.py">
      <Filter>blender-addon</Filter>
    </None>
    <None Include="..\..\src\blender-addon\leaf\light.py">
      <Filter>blender-addon</Filter>
    </None>
    <None Include="..\..\src\blender-addon\leaf\camera.py">
      <Filter>blender-addon</Filter>
    </None>
  </ItemGroup>
</Project>